
Microsoft Visual Studio Solution File, Format Version 12.00
# Visual Studio 15
VisualStudioVersion = 15.0.26124.0
MinimumVisualStudioVersion = 15.0.26124.0
Project("{FAE04EC0-301F-11D3-BF4B-00C04F79EFBC}") = "Text", "Text\Text.csproj", "{8DE41BBB-9C9B-4ED2-BD69-5A80267070DD}"
EndProject
Project("{FAE04EC0-301F-11D3-BF4B-00C04F79EFBC}") = "Text.Tests", "Text.Tests\Text.Tests.csproj", "{1F7116F9-13F3-4FDC-87C3-7CE4E8FE8508}"
EndProject
Global
	GlobalSection(SolutionConfigurationPlatforms) = preSolution
		Debug|Any CPU = Debug|Any CPU
		Debug|x64 = Debug|x64
		Debug|x86 = Debug|x86
		Release|Any CPU = Release|Any CPU
		Release|x64 = Release|x64
		Release|x86 = Release|x86
	EndGlobalSection
	GlobalSection(SolutionProperties) = preSolution
		HideSolutionNode = FALSE
	EndGlobalSection
	GlobalSection(ProjectConfigurationPlatforms) = postSolution
		{8DE41BBB-9C9B-4ED2-BD69-5A80267070DD}.Debug|Any CPU.ActiveCfg = Debug|Any CPU
		{8DE41BBB-9C9B-4ED2-BD69-5A80267070DD}.Debug|Any CPU.Build.0 = Debug|Any CPU
		{8DE41BBB-9C9B-4ED2-BD69-5A80267070DD}.Debug|x64.ActiveCfg = Debug|Any CPU
		{8DE41BBB-9C9B-4ED2-BD69-5A80267070DD}.Debug|x64.Build.0 = Debug|Any CPU
		{8DE41BBB-9C9B-4ED2-BD69-5A80267070DD}.Debug|x86.ActiveCfg = Debug|Any CPU
		{8DE41BBB-9C9B-4ED2-BD69-5A80267070DD}.Debug|x86.Build.0 = Debug|Any CPU
		{8DE41BBB-9C9B-4ED2-BD69-5A80267070DD}.Release|Any CPU.ActiveCfg = Release|Any CPU
		{8DE41BBB-9C9B-4ED2-BD69-5A80267070DD}.Release|Any CPU.Build.0 = Release|Any CPU
		{8DE41BBB-9C9B-4ED2-BD69-5A80267070DD}.Release|x64.ActiveCfg = Release|Any CPU
		{8DE41BBB-9C9B-4ED2-BD69-5A80267070DD}.Release|x64.Build.0 = Release|Any CPU
		{8DE41BBB-9C9B-4ED2-BD69-5A80267070DD}.Release|x86.ActiveCfg = Release|Any CPU
		{8DE41BBB-9C9B-4ED2-BD69-5A80267070DD}.Release|x86.Build.0 = Release|Any CPU
		{1F7116F9-13F3-4FDC-87C3-7CE4E8FE8508}.Debug|Any CPU.ActiveCfg = Debug|Any CPU
		{1F7116F9-13F3-4FDC-87C3-7CE4E8FE8508}.Debug|Any CPU.Build.0 = Debug|Any CPU
		{1F7116F9-13F3-4FDC-87C3-7CE4E8FE8508}.Debug|x64.ActiveCfg = Debug|Any CPU
		{1F7116F9-13F3-4FDC-87C3-7CE4E8FE8508}.Debug|x64.Build.0 = Debug|Any CPU
		{1F7116F9-13F3-4FDC-87C3-7CE4E8FE8508}.Debug|x86.ActiveCfg = Debug|Any CPU
		{1F7116F9-13F3-4FDC-87C3-7CE4E8FE8508}.Debug|x86.Build.0 = Debug|Any CPU
		{1F7116F9-13F3-4FDC-87C3-7CE4E8FE8508}.Release|Any CPU.ActiveCfg = Release|Any CPU
		{1F7116F9-13F3-4FDC-87C3-7CE4E8FE8508}.Release|Any CPU.Build.0 = Release|Any CPU
		{1F7116F9-13F3-4FDC-87C3-7CE4E8FE8508}.Release|x64.ActiveCfg = Release|Any CPU
		{1F7116F9-13F3-4FDC-87C3-7CE4E8FE8508}.Release|x64.Build.0 = Release|Any CPU
		{1F7116F9-13F3-4FDC-87C3-7CE4E8FE8508}.Release|x86.ActiveCfg = Release|Any CPU
		{1F7116F9-13F3-4FDC-87C3-7CE4E8FE8508}.Release|x86.Build.0 = Release|Any CPU
	EndGlobalSection
EndGlobal
